// !$*UTF8*$!
{
	archiveVersion = 1;
	classes = {
	};
	objectVersion = 56;
	objects = {

/* Begin PBXBuildFile section */
		AE02168A2C2AD240000B85B4 /* StockCardCell.xib in Resources */ = {isa = PBXBuildFile; fileRef = AE0216892C2AD240000B85B4 /* StockCardCell.xib */; };
		AE02168B2C2AD240000B85B4 /* StockCardCell.swift in Sources */ = {isa = PBXBuildFile; fileRef = AE0216882C2AD240000B85B4 /* StockCardCell.swift */; };
		AE02168E2C2B1CD2000B85B4 /* UIColor+hex.swift in Sources */ = {isa = PBXBuildFile; fileRef = AE02168D2C2B1CD2000B85B4 /* UIColor+hex.swift */; };
		AE0216912C2B1FB3000B85B4 /* BuyStockViewController.swift in Sources */ = {isa = PBXBuildFile; fileRef = AE0216902C2B1FB3000B85B4 /* BuyStockViewController.swift */; };
		AE3179DB2C219E7800B8FA4E /* StockCell.xib in Resources */ = {isa = PBXBuildFile; fileRef = AE3179DA2C219E7800B8FA4E /* StockCell.xib */; };
		AE3179DC2C219E7800B8FA4E /* StockCell.swift in Sources */ = {isa = PBXBuildFile; fileRef = AE3179D92C219E7800B8FA4E /* StockCell.swift */; };
		AE3179E02C21A1FA00B8FA4E /* InterTight-Bold.ttf in Resources */ = {isa = PBXBuildFile; fileRef = AE3179DF2C21A1FA00B8FA4E /* InterTight-Bold.ttf */; };
		AE3179E32C21A52100B8FA4E /* FontName.swift in Sources */ = {isa = PBXBuildFile; fileRef = AE3179E22C21A52100B8FA4E /* FontName.swift */; };
		AE45D6A12C319DEA002A1CB0 /* Alamofire in Frameworks */ = {isa = PBXBuildFile; productRef = AE45D6A02C319DEA002A1CB0 /* Alamofire */; };
		AE45D6A32C319F03002A1CB0 /* Ticker.swift in Sources */ = {isa = PBXBuildFile; fileRef = AE45D6A22C319F03002A1CB0 /* Ticker.swift */; };
		AE45D6A52C319FA5002A1CB0 /* StocksLoader.swift in Sources */ = {isa = PBXBuildFile; fileRef = AE45D6A42C319FA5002A1CB0 /* StocksLoader.swift */; };
		AE4CB1AD2C22F13700A3C5BC /* LineChartView.swift in Sources */ = {isa = PBXBuildFile; fileRef = AE4CB1AC2C22F13700A3C5BC /* LineChartView.swift */; };
		AE4CB1B02C23421200A3C5BC /* PortoflioViewController.swift in Sources */ = {isa = PBXBuildFile; fileRef = AE4CB1AF2C23421200A3C5BC /* PortoflioViewController.swift */; };
		AE726FDD2C2EDA08001DA21C /* StocksRepository.swift in Sources */ = {isa = PBXBuildFile; fileRef = AE726FDC2C2EDA08001DA21C /* StocksRepository.swift */; };
		AE8722742C20DBD9005B3B72 /* AppDelegate.swift in Sources */ = {isa = PBXBuildFile; fileRef = AE8722732C20DBD9005B3B72 /* AppDelegate.swift */; };
		AE8722762C20DBD9005B3B72 /* SceneDelegate.swift in Sources */ = {isa = PBXBuildFile; fileRef = AE8722752C20DBD9005B3B72 /* SceneDelegate.swift */; };
		AE8722782C20DBD9005B3B72 /* MarketViewController.swift in Sources */ = {isa = PBXBuildFile; fileRef = AE8722772C20DBD9005B3B72 /* MarketViewController.swift */; };
		AE87227B2C20DBD9005B3B72 /* Base in Resources */ = {isa = PBXBuildFile; fileRef = AE87227A2C20DBD9005B3B72 /* Base */; };
		AE87227D2C20DBDA005B3B72 /* Assets.xcassets in Resources */ = {isa = PBXBuildFile; fileRef = AE87227C2C20DBDA005B3B72 /* Assets.xcassets */; };
		AE8722802C20DBDA005B3B72 /* Base in Resources */ = {isa = PBXBuildFile; fileRef = AE87227F2C20DBDA005B3B72 /* Base */; };
		AED1D4322C244025007A3056 /* InterTight-SemiBold.ttf in Resources */ = {isa = PBXBuildFile; fileRef = AED1D4312C244025007A3056 /* InterTight-SemiBold.ttf */; };
		AED1D4342C244041007A3056 /* InterTight-Regular.ttf in Resources */ = {isa = PBXBuildFile; fileRef = AED1D4332C244041007A3056 /* InterTight-Regular.ttf */; };
		AED1D4372C244264007A3056 /* UIView+CornerRadius.swift in Sources */ = {isa = PBXBuildFile; fileRef = AED1D4362C244264007A3056 /* UIView+CornerRadius.swift */; };
		AEF7A8D72C2DC8A200C99DAE /* PortfolioStockCell.swift in Sources */ = {isa = PBXBuildFile; fileRef = AEF7A8D52C2DC8A200C99DAE /* PortfolioStockCell.swift */; };
		AEF7A8D82C2DC8A200C99DAE /* PortfolioStockCell.xib in Resources */ = {isa = PBXBuildFile; fileRef = AEF7A8D62C2DC8A200C99DAE /* PortfolioStockCell.xib */; };
		AEF7A8DA2C2E1DE100C99DAE /* ImageUtility.swift in Sources */ = {isa = PBXBuildFile; fileRef = AEF7A8D92C2E1DE100C99DAE /* ImageUtility.swift */; };
/* End PBXBuildFile section */

/* Begin PBXFileReference section */
		AE0216882C2AD240000B85B4 /* StockCardCell.swift */ = {isa = PBXFileReference; lastKnownFileType = sourcecode.swift; path = StockCardCell.swift; sourceTree = "<group>"; };
		AE0216892C2AD240000B85B4 /* StockCardCell.xib */ = {isa = PBXFileReference; lastKnownFileType = file.xib; path = StockCardCell.xib; sourceTree = "<group>"; };
		AE02168D2C2B1CD2000B85B4 /* UIColor+hex.swift */ = {isa = PBXFileReference; lastKnownFileType = sourcecode.swift; path = "UIColor+hex.swift"; sourceTree = "<group>"; };
		AE0216902C2B1FB3000B85B4 /* BuyStockViewController.swift */ = {isa = PBXFileReference; lastKnownFileType = sourcecode.swift; path = BuyStockViewController.swift; sourceTree = "<group>"; };
		AE3179D92C219E7800B8FA4E /* StockCell.swift */ = {isa = PBXFileReference; lastKnownFileType = sourcecode.swift; path = StockCell.swift; sourceTree = "<group>"; };
		AE3179DA2C219E7800B8FA4E /* StockCell.xib */ = {isa = PBXFileReference; lastKnownFileType = file.xib; path = StockCell.xib; sourceTree = "<group>"; };
		AE3179DF2C21A1FA00B8FA4E /* InterTight-Bold.ttf */ = {isa = PBXFileReference; lastKnownFileType = file; path = "InterTight-Bold.ttf"; sourceTree = "<group>"; };
		AE3179E22C21A52100B8FA4E /* FontName.swift */ = {isa = PBXFileReference; lastKnownFileType = sourcecode.swift; path = FontName.swift; sourceTree = "<group>"; };
		AE45D6A22C319F03002A1CB0 /* Ticker.swift */ = {isa = PBXFileReference; lastKnownFileType = sourcecode.swift; path = Ticker.swift; sourceTree = "<group>"; };
		AE45D6A42C319FA5002A1CB0 /* StocksLoader.swift */ = {isa = PBXFileReference; lastKnownFileType = sourcecode.swift; path = StocksLoader.swift; sourceTree = "<group>"; };
		AE4CB1AC2C22F13700A3C5BC /* LineChartView.swift */ = {isa = PBXFileReference; lastKnownFileType = sourcecode.swift; path = LineChartView.swift; sourceTree = "<group>"; };
		AE4CB1AF2C23421200A3C5BC /* PortoflioViewController.swift */ = {isa = PBXFileReference; lastKnownFileType = sourcecode.swift; path = PortoflioViewController.swift; sourceTree = "<group>"; };
		AE726FDC2C2EDA08001DA21C /* StocksRepository.swift */ = {isa = PBXFileReference; lastKnownFileType = sourcecode.swift; path = StocksRepository.swift; sourceTree = "<group>"; };
		AE8722702C20DBD9005B3B72 /* Portfolio.app */ = {isa = PBXFileReference; explicitFileType = wrapper.application; includeInIndex = 0; path = Portfolio.app; sourceTree = BUILT_PRODUCTS_DIR; };
		AE8722732C20DBD9005B3B72 /* AppDelegate.swift */ = {isa = PBXFileReference; lastKnownFileType = sourcecode.swift; path = AppDelegate.swift; sourceTree = "<group>"; };
		AE8722752C20DBD9005B3B72 /* SceneDelegate.swift */ = {isa = PBXFileReference; lastKnownFileType = sourcecode.swift; path = SceneDelegate.swift; sourceTree = "<group>"; };
		AE8722772C20DBD9005B3B72 /* MarketViewController.swift */ = {isa = PBXFileReference; lastKnownFileType = sourcecode.swift; path = MarketViewController.swift; sourceTree = "<group>"; };
		AE87227A2C20DBD9005B3B72 /* Base */ = {isa = PBXFileReference; lastKnownFileType = file.storyboard; name = Base; path = Base.lproj/Main.storyboard; sourceTree = "<group>"; };
		AE87227C2C20DBDA005B3B72 /* Assets.xcassets */ = {isa = PBXFileReference; lastKnownFileType = folder.assetcatalog; path = Assets.xcassets; sourceTree = "<group>"; };
		AE87227F2C20DBDA005B3B72 /* Base */ = {isa = PBXFileReference; lastKnownFileType = file.storyboard; name = Base; path = Base.lproj/LaunchScreen.storyboard; sourceTree = "<group>"; };
		AE8722812C20DBDA005B3B72 /* Info.plist */ = {isa = PBXFileReference; lastKnownFileType = text.plist.xml; path = Info.plist; sourceTree = "<group>"; };
		AED1D4312C244025007A3056 /* InterTight-SemiBold.ttf */ = {isa = PBXFileReference; lastKnownFileType = file; path = "InterTight-SemiBold.ttf"; sourceTree = "<group>"; };
		AED1D4332C244041007A3056 /* InterTight-Regular.ttf */ = {isa = PBXFileReference; lastKnownFileType = file; path = "InterTight-Regular.ttf"; sourceTree = "<group>"; };
		AED1D4362C244264007A3056 /* UIView+CornerRadius.swift */ = {isa = PBXFileReference; lastKnownFileType = sourcecode.swift; path = "UIView+CornerRadius.swift"; sourceTree = "<group>"; };
		AEF7A8D52C2DC8A200C99DAE /* PortfolioStockCell.swift */ = {isa = PBXFileReference; lastKnownFileType = sourcecode.swift; path = PortfolioStockCell.swift; sourceTree = "<group>"; };
		AEF7A8D62C2DC8A200C99DAE /* PortfolioStockCell.xib */ = {isa = PBXFileReference; lastKnownFileType = file.xib; path = PortfolioStockCell.xib; sourceTree = "<group>"; };
		AEF7A8D92C2E1DE100C99DAE /* ImageUtility.swift */ = {isa = PBXFileReference; lastKnownFileType = sourcecode.swift; path = ImageUtility.swift; sourceTree = "<group>"; };
/* End PBXFileReference section */

/* Begin PBXFrameworksBuildPhase section */
		AE87226D2C20DBD9005B3B72 /* Frameworks */ = {
			isa = PBXFrameworksBuildPhase;
			buildActionMask = 2147483647;
			files = (
				AE45D6A12C319DEA002A1CB0 /* Alamofire in Frameworks */,
			);
			runOnlyForDeploymentPostprocessing = 0;
		};
/* End PBXFrameworksBuildPhase section */

/* Begin PBXGroup section */
		AE0216872C2AD0CB000B85B4 /* StockCardCell */ = {
			isa = PBXGroup;
			children = (
				AE0216882C2AD240000B85B4 /* StockCardCell.swift */,
				AE0216892C2AD240000B85B4 /* StockCardCell.xib */,
			);
			path = StockCardCell;
			sourceTree = "<group>";
		};
		AE02168F2C2B1F8D000B85B4 /* BuyStock */ = {
			isa = PBXGroup;
			children = (
				AE0216902C2B1FB3000B85B4 /* BuyStockViewController.swift */,
			);
			path = BuyStock;
			sourceTree = "<group>";
		};
		AE3179DD2C21A19A00B8FA4E /* Resources */ = {
			isa = PBXGroup;
			children = (
				AE3179DE2C21A1AA00B8FA4E /* Font */,
			);
			path = Resources;
			sourceTree = "<group>";
		};
		AE3179DE2C21A1AA00B8FA4E /* Font */ = {
			isa = PBXGroup;
			children = (
				AE3179DF2C21A1FA00B8FA4E /* InterTight-Bold.ttf */,
				AED1D4312C244025007A3056 /* InterTight-SemiBold.ttf */,
				AED1D4332C244041007A3056 /* InterTight-Regular.ttf */,
			);
			path = Font;
			sourceTree = "<group>";
		};
		AE3179E12C21A4F600B8FA4E /* Design */ = {
			isa = PBXGroup;
			children = (
				AE3179E22C21A52100B8FA4E /* FontName.swift */,
			);
			path = Design;
			sourceTree = "<group>";
		};
		AE4CB1AE2C2341F100A3C5BC /* Portoflio */ = {
			isa = PBXGroup;
			children = (
				AE4CB1AF2C23421200A3C5BC /* PortoflioViewController.swift */,
				AEF7A8CC2C2DC37900C99DAE /* PortfolioStockCell */,
			);
			path = Portoflio;
			sourceTree = "<group>";
		};
		AE726FDB2C2ED9EF001DA21C /* Networking */ = {
			isa = PBXGroup;
			children = (
				AE726FDC2C2EDA08001DA21C /* StocksRepository.swift */,
				AE45D6A42C319FA5002A1CB0 /* StocksLoader.swift */,
			);
			path = Networking;
			sourceTree = "<group>";
		};
		AE8722672C20DBD9005B3B72 = {
			isa = PBXGroup;
			children = (
				AE8722722C20DBD9005B3B72 /* Portfolio */,
				AE8722712C20DBD9005B3B72 /* Products */,
			);
			sourceTree = "<group>";
		};
		AE8722712C20DBD9005B3B72 /* Products */ = {
			isa = PBXGroup;
			children = (
				AE8722702C20DBD9005B3B72 /* Portfolio.app */,
			);
			name = Products;
			sourceTree = "<group>";
		};
		AE8722722C20DBD9005B3B72 /* Portfolio */ = {
			isa = PBXGroup;
			children = (
				AED1D4352C24425C007A3056 /* Util */,
				AE3179E12C21A4F600B8FA4E /* Design */,
				AE726FDB2C2ED9EF001DA21C /* Networking */,
				AE3179DD2C21A19A00B8FA4E /* Resources */,
				AE4CB1AE2C2341F100A3C5BC /* Portoflio */,
				AED1D4382C244469007A3056 /* Market */,
				AE02168F2C2B1F8D000B85B4 /* BuyStock */,
				AE8722732C20DBD9005B3B72 /* AppDelegate.swift */,
				AE8722752C20DBD9005B3B72 /* SceneDelegate.swift */,
				AE8722792C20DBD9005B3B72 /* Main.storyboard */,
				AE87227C2C20DBDA005B3B72 /* Assets.xcassets */,
				AE87227E2C20DBDA005B3B72 /* LaunchScreen.storyboard */,
				AE8722812C20DBDA005B3B72 /* Info.plist */,
			);
			path = Portfolio;
			sourceTree = "<group>";
		};
		AE8722872C20DCCB005B3B72 /* StockCell */ = {
			isa = PBXGroup;
			children = (
				AE3179D92C219E7800B8FA4E /* StockCell.swift */,
				AE3179DA2C219E7800B8FA4E /* StockCell.xib */,
			);
			path = StockCell;
			sourceTree = "<group>";
		};
		AED1D4352C24425C007A3056 /* Util */ = {
			isa = PBXGroup;
			children = (
				AED1D4362C244264007A3056 /* UIView+CornerRadius.swift */,
				AE02168D2C2B1CD2000B85B4 /* UIColor+hex.swift */,
				AEF7A8D92C2E1DE100C99DAE /* ImageUtility.swift */,
			);
			path = Util;
			sourceTree = "<group>";
		};
		AED1D4382C244469007A3056 /* Market */ = {
			isa = PBXGroup;
			children = (
				AE45D6A22C319F03002A1CB0 /* Ticker.swift */,
				AE8722772C20DBD9005B3B72 /* MarketViewController.swift */,
				AE4CB1AC2C22F13700A3C5BC /* LineChartView.swift */,
				AE0216872C2AD0CB000B85B4 /* StockCardCell */,
				AE8722872C20DCCB005B3B72 /* StockCell */,
			);
			path = Market;
			sourceTree = "<group>";
		};
		AEF7A8CC2C2DC37900C99DAE /* PortfolioStockCell */ = {
			isa = PBXGroup;
			children = (
				AEF7A8D52C2DC8A200C99DAE /* PortfolioStockCell.swift */,
				AEF7A8D62C2DC8A200C99DAE /* PortfolioStockCell.xib */,
			);
			path = PortfolioStockCell;
			sourceTree = "<group>";
		};
/* End PBXGroup section */

/* Begin PBXNativeTarget section */
		AE87226F2C20DBD9005B3B72 /* Portfolio */ = {
			isa = PBXNativeTarget;
			buildConfigurationList = AE8722842C20DBDA005B3B72 /* Build configuration list for PBXNativeTarget "Portfolio" */;
			buildPhases = (
				AE87226C2C20DBD9005B3B72 /* Sources */,
				AE87226D2C20DBD9005B3B72 /* Frameworks */,
				AE87226E2C20DBD9005B3B72 /* Resources */,
			);
			buildRules = (
			);
			dependencies = (
			);
			name = Portfolio;
			packageProductDependencies = (
				AE45D6A02C319DEA002A1CB0 /* Alamofire */,
			);
			productName = Portfolio;
			productReference = AE8722702C20DBD9005B3B72 /* Portfolio.app */;
			productType = "com.apple.product-type.application";
		};
/* End PBXNativeTarget section */

/* Begin PBXProject section */
		AE8722682C20DBD9005B3B72 /* Project object */ = {
			isa = PBXProject;
			attributes = {
				BuildIndependentTargetsInParallel = 1;
				LastSwiftUpdateCheck = 1530;
				LastUpgradeCheck = 1530;
				TargetAttributes = {
					AE87226F2C20DBD9005B3B72 = {
						CreatedOnToolsVersion = 15.3;
					};
				};
			};
			buildConfigurationList = AE87226B2C20DBD9005B3B72 /* Build configuration list for PBXProject "Portfolio" */;
			compatibilityVersion = "Xcode 14.0";
			developmentRegion = en;
			hasScannedForEncodings = 0;
			knownRegions = (
				en,
				Base,
			);
			mainGroup = AE8722672C20DBD9005B3B72;
			packageReferences = (
				AE45D69F2C319DEA002A1CB0 /* XCRemoteSwiftPackageReference "Alamofire" */,
			);
			productRefGroup = AE8722712C20DBD9005B3B72 /* Products */;
			projectDirPath = "";
			projectRoot = "";
			targets = (
				AE87226F2C20DBD9005B3B72 /* Portfolio */,
			);
		};
/* End PBXProject section */

/* Begin PBXResourcesBuildPhase section */
		AE87226E2C20DBD9005B3B72 /* Resources */ = {
			isa = PBXResourcesBuildPhase;
			buildActionMask = 2147483647;
			files = (
				AE02168A2C2AD240000B85B4 /* StockCardCell.xib in Resources */,
				AE87227D2C20DBDA005B3B72 /* Assets.xcassets in Resources */,
				AE8722802C20DBDA005B3B72 /* Base in Resources */,
				AE3179DB2C219E7800B8FA4E /* StockCell.xib in Resources */,
				AED1D4342C244041007A3056 /* InterTight-Regular.ttf in Resources */,
				AE3179E02C21A1FA00B8FA4E /* InterTight-Bold.ttf in Resources */,
				AE87227B2C20DBD9005B3B72 /* Base in Resources */,
				AED1D4322C244025007A3056 /* InterTight-SemiBold.ttf in Resources */,
				AEF7A8D82C2DC8A200C99DAE /* PortfolioStockCell.xib in Resources */,
			);
			runOnlyForDeploymentPostprocessing = 0;
		};
/* End PBXResourcesBuildPhase section */

/* Begin PBXSourcesBuildPhase section */
		AE87226C2C20DBD9005B3B72 /* Sources */ = {
			isa = PBXSourcesBuildPhase;
			buildActionMask = 2147483647;
			files = (
				AE3179E32C21A52100B8FA4E /* FontName.swift in Sources */,
				AEF7A8D72C2DC8A200C99DAE /* PortfolioStockCell.swift in Sources */,
				AEF7A8DA2C2E1DE100C99DAE /* ImageUtility.swift in Sources */,
				AED1D4372C244264007A3056 /* UIView+CornerRadius.swift in Sources */,
				AE4CB1B02C23421200A3C5BC /* PortoflioViewController.swift in Sources */,
				AE8722782C20DBD9005B3B72 /* MarketViewController.swift in Sources */,
				AE0216912C2B1FB3000B85B4 /* BuyStockViewController.swift in Sources */,
				AE45D6A32C319F03002A1CB0 /* Ticker.swift in Sources */,
				AE8722742C20DBD9005B3B72 /* AppDelegate.swift in Sources */,
				AE3179DC2C219E7800B8FA4E /* StockCell.swift in Sources */,
				AE8722762C20DBD9005B3B72 /* SceneDelegate.swift in Sources */,
				AE45D6A52C319FA5002A1CB0 /* StocksLoader.swift in Sources */,
				AE02168E2C2B1CD2000B85B4 /* UIColor+hex.swift in Sources */,
				AE02168B2C2AD240000B85B4 /* StockCardCell.swift in Sources */,
				AE726FDD2C2EDA08001DA21C /* StocksRepository.swift in Sources */,
				AE4CB1AD2C22F13700A3C5BC /* LineChartView.swift in Sources */,
			);
			runOnlyForDeploymentPostprocessing = 0;
		};
/* End PBXSourcesBuildPhase section */

/* Begin PBXVariantGroup section */
		AE8722792C20DBD9005B3B72 /* Main.storyboard */ = {
			isa = PBXVariantGroup;
			children = (
				AE87227A2C20DBD9005B3B72 /* Base */,
			);
			name = Main.storyboard;
			sourceTree = "<group>";
		};
		AE87227E2C20DBDA005B3B72 /* LaunchScreen.storyboard */ = {
			isa = PBXVariantGroup;
			children = (
				AE87227F2C20DBDA005B3B72 /* Base */,
			);
			name = LaunchScreen.storyboard;
			sourceTree = "<group>";
		};
/* End PBXVariantGroup section */

/* Begin XCBuildConfiguration section */
		AE8722822C20DBDA005B3B72 /* Debug */ = {
			isa = XCBuildConfiguration;
			buildSettings = {
				ALWAYS_SEARCH_USER_PATHS = NO;
				ASSETCATALOG_COMPILER_GENERATE_SWIFT_ASSET_SYMBOL_EXTENSIONS = YES;
				CLANG_ANALYZER_NONNULL = YES;
				CLANG_ANALYZER_NUMBER_OBJECT_CONVERSION = YES_AGGRESSIVE;
				CLANG_CXX_LANGUAGE_STANDARD = "gnu++20";
				CLANG_ENABLE_MODULES = YES;
				CLANG_ENABLE_OBJC_ARC = YES;
				CLANG_ENABLE_OBJC_WEAK = YES;
				CLANG_WARN_BLOCK_CAPTURE_AUTORELEASING = YES;
				CLANG_WARN_BOOL_CONVERSION = YES;
				CLANG_WARN_COMMA = YES;
				CLANG_WARN_CONSTANT_CONVERSION = YES;
				CLANG_WARN_DEPRECATED_OBJC_IMPLEMENTATIONS = YES;
				CLANG_WARN_DIRECT_OBJC_ISA_USAGE = YES_ERROR;
				CLANG_WARN_DOCUMENTATION_COMMENTS = YES;
				CLANG_WARN_EMPTY_BODY = YES;
				CLANG_WARN_ENUM_CONVERSION = YES;
				CLANG_WARN_INFINITE_RECURSION = YES;
				CLANG_WARN_INT_CONVERSION = YES;
				CLANG_WARN_NON_LITERAL_NULL_CONVERSION = YES;
				CLANG_WARN_OBJC_IMPLICIT_RETAIN_SELF = YES;
				CLANG_WARN_OBJC_LITERAL_CONVERSION = YES;
				CLANG_WARN_OBJC_ROOT_CLASS = YES_ERROR;
				CLANG_WARN_QUOTED_INCLUDE_IN_FRAMEWORK_HEADER = YES;
				CLANG_WARN_RANGE_LOOP_ANALYSIS = YES;
				CLANG_WARN_STRICT_PROTOTYPES = YES;
				CLANG_WARN_SUSPICIOUS_MOVE = YES;
				CLANG_WARN_UNGUARDED_AVAILABILITY = YES_AGGRESSIVE;
				CLANG_WARN_UNREACHABLE_CODE = YES;
				CLANG_WARN__DUPLICATE_METHOD_MATCH = YES;
				COPY_PHASE_STRIP = NO;
				DEBUG_INFORMATION_FORMAT = dwarf;
				ENABLE_STRICT_OBJC_MSGSEND = YES;
				ENABLE_TESTABILITY = YES;
				ENABLE_USER_SCRIPT_SANDBOXING = YES;
				GCC_C_LANGUAGE_STANDARD = gnu17;
				GCC_DYNAMIC_NO_PIC = NO;
				GCC_NO_COMMON_BLOCKS = YES;
				GCC_OPTIMIZATION_LEVEL = 0;
				GCC_PREPROCESSOR_DEFINITIONS = (
					"DEBUG=1",
					"$(inherited)",
				);
				GCC_WARN_64_TO_32_BIT_CONVERSION = YES;
				GCC_WARN_ABOUT_RETURN_TYPE = YES_ERROR;
				GCC_WARN_UNDECLARED_SELECTOR = YES;
				GCC_WARN_UNINITIALIZED_AUTOS = YES_AGGRESSIVE;
				GCC_WARN_UNUSED_FUNCTION = YES;
				GCC_WARN_UNUSED_VARIABLE = YES;
				IPHONEOS_DEPLOYMENT_TARGET = 17.4;
				LOCALIZATION_PREFERS_STRING_CATALOGS = YES;
				MTL_ENABLE_DEBUG_INFO = INCLUDE_SOURCE;
				MTL_FAST_MATH = YES;
				ONLY_ACTIVE_ARCH = YES;
				SDKROOT = iphoneos;
				SWIFT_ACTIVE_COMPILATION_CONDITIONS = "DEBUG $(inherited)";
				SWIFT_OPTIMIZATION_LEVEL = "-Onone";
			};
			name = Debug;
		};
		AE8722832C20DBDA005B3B72 /* Release */ = {
			isa = XCBuildConfiguration;
			buildSettings = {
				ALWAYS_SEARCH_USER_PATHS = NO;
				ASSETCATALOG_COMPILER_GENERATE_SWIFT_ASSET_SYMBOL_EXTENSIONS = YES;
				CLANG_ANALYZER_NONNULL = YES;
				CLANG_ANALYZER_NUMBER_OBJECT_CONVERSION = YES_AGGRESSIVE;
				CLANG_CXX_LANGUAGE_STANDARD = "gnu++20";
				CLANG_ENABLE_MODULES = YES;
				CLANG_ENABLE_OBJC_ARC = YES;
				CLANG_ENABLE_OBJC_WEAK = YES;
				CLANG_WARN_BLOCK_CAPTURE_AUTORELEASING = YES;
				CLANG_WARN_BOOL_CONVERSION = YES;
				CLANG_WARN_COMMA = YES;
				CLANG_WARN_CONSTANT_CONVERSION = YES;
				CLANG_WARN_DEPRECATED_OBJC_IMPLEMENTATIONS = YES;
				CLANG_WARN_DIRECT_OBJC_ISA_USAGE = YES_ERROR;
				CLANG_WARN_DOCUMENTATION_COMMENTS = YES;
				CLANG_WARN_EMPTY_BODY = YES;
				CLANG_WARN_ENUM_CONVERSION = YES;
				CLANG_WARN_INFINITE_RECURSION = YES;
				CLANG_WARN_INT_CONVERSION = YES;
				CLANG_WARN_NON_LITERAL_NULL_CONVERSION = YES;
				CLANG_WARN_OBJC_IMPLICIT_RETAIN_SELF = YES;
				CLANG_WARN_OBJC_LITERAL_CONVERSION = YES;
				CLANG_WARN_OBJC_ROOT_CLASS = YES_ERROR;
				CLANG_WARN_QUOTED_INCLUDE_IN_FRAMEWORK_HEADER = YES;
				CLANG_WARN_RANGE_LOOP_ANALYSIS = YES;
				CLANG_WARN_STRICT_PROTOTYPES = YES;
				CLANG_WARN_SUSPICIOUS_MOVE = YES;
				CLANG_WARN_UNGUARDED_AVAILABILITY = YES_AGGRESSIVE;
				CLANG_WARN_UNREACHABLE_CODE = YES;
				CLANG_WARN__DUPLICATE_METHOD_MATCH = YES;
				COPY_PHASE_STRIP = NO;
				DEBUG_INFORMATION_FORMAT = "dwarf-with-dsym";
				ENABLE_NS_ASSERTIONS = NO;
				ENABLE_STRICT_OBJC_MSGSEND = YES;
				ENABLE_USER_SCRIPT_SANDBOXING = YES;
				GCC_C_LANGUAGE_STANDARD = gnu17;
				GCC_NO_COMMON_BLOCKS = YES;
				GCC_WARN_64_TO_32_BIT_CONVERSION = YES;
				GCC_WARN_ABOUT_RETURN_TYPE = YES_ERROR;
				GCC_WARN_UNDECLARED_SELECTOR = YES;
				GCC_WARN_UNINITIALIZED_AUTOS = YES_AGGRESSIVE;
				GCC_WARN_UNUSED_FUNCTION = YES;
				GCC_WARN_UNUSED_VARIABLE = YES;
				IPHONEOS_DEPLOYMENT_TARGET = 17.4;
				LOCALIZATION_PREFERS_STRING_CATALOGS = YES;
				MTL_ENABLE_DEBUG_INFO = NO;
				MTL_FAST_MATH = YES;
				SDKROOT = iphoneos;
				SWIFT_COMPILATION_MODE = wholemodule;
				VALIDATE_PRODUCT = YES;
			};
			name = Release;
		};
		AE8722852C20DBDA005B3B72 /* Debug */ = {
			isa = XCBuildConfiguration;
			buildSettings = {
				ASSETCATALOG_COMPILER_APPICON_NAME = AppIcon;
				ASSETCATALOG_COMPILER_GLOBAL_ACCENT_COLOR_NAME = AccentColor;
				CODE_SIGN_STYLE = Automatic;
				CURRENT_PROJECT_VERSION = 1;
				DEVELOPMENT_TEAM = J7US55UYJ3;
				GENERATE_INFOPLIST_FILE = YES;
				INFOPLIST_FILE = Portfolio/Info.plist;
				INFOPLIST_KEY_UIApplicationSupportsIndirectInputEvents = YES;
				INFOPLIST_KEY_UILaunchStoryboardName = LaunchScreen;
				INFOPLIST_KEY_UIMainStoryboardFile = Main;
				INFOPLIST_KEY_UISupportedInterfaceOrientations_iPad = "UIInterfaceOrientationPortrait UIInterfaceOrientationPortraitUpsideDown UIInterfaceOrientationLandscapeLeft UIInterfaceOrientationLandscapeRight";
				INFOPLIST_KEY_UISupportedInterfaceOrientations_iPhone = "UIInterfaceOrientationPortrait UIInterfaceOrientationLandscapeLeft UIInterfaceOrientationLandscapeRight";
				LD_RUNPATH_SEARCH_PATHS = (
					"$(inherited)",
					"@executable_path/Frameworks",
				);
				MARKETING_VERSION = 1.0;
				PRODUCT_BUNDLE_IDENTIFIER = com.piotrantkiewicz.Portfolio;
				PRODUCT_NAME = "$(TARGET_NAME)";
				SWIFT_EMIT_LOC_STRINGS = YES;
				SWIFT_VERSION = 5.0;
				TARGETED_DEVICE_FAMILY = "1,2";
			};
			name = Debug;
		};
		AE8722862C20DBDA005B3B72 /* Release */ = {
			isa = XCBuildConfiguration;
			buildSettings = {
				ASSETCATALOG_COMPILER_APPICON_NAME = AppIcon;
				ASSETCATALOG_COMPILER_GLOBAL_ACCENT_COLOR_NAME = AccentColor;
				CODE_SIGN_STYLE = Automatic;
				CURRENT_PROJECT_VERSION = 1;
				DEVELOPMENT_TEAM = J7US55UYJ3;
				GENERATE_INFOPLIST_FILE = YES;
				INFOPLIST_FILE = Portfolio/Info.plist;
				INFOPLIST_KEY_UIApplicationSupportsIndirectInputEvents = YES;
				INFOPLIST_KEY_UILaunchStoryboardName = LaunchScreen;
				INFOPLIST_KEY_UIMainStoryboardFile = Main;
				INFOPLIST_KEY_UISupportedInterfaceOrientations_iPad = "UIInterfaceOrientationPortrait UIInterfaceOrientationPortraitUpsideDown UIInterfaceOrientationLandscapeLeft UIInterfaceOrientationLandscapeRight";
				INFOPLIST_KEY_UISupportedInterfaceOrientations_iPhone = "UIInterfaceOrientationPortrait UIInterfaceOrientationLandscapeLeft UIInterfaceOrientationLandscapeRight";
				LD_RUNPATH_SEARCH_PATHS = (
					"$(inherited)",
					"@executable_path/Frameworks",
				);
				MARKETING_VERSION = 1.0;
				PRODUCT_BUNDLE_IDENTIFIER = com.piotrantkiewicz.Portfolio;
				PRODUCT_NAME = "$(TARGET_NAME)";
				SWIFT_EMIT_LOC_STRINGS = YES;
				SWIFT_VERSION = 5.0;
				TARGETED_DEVICE_FAMILY = "1,2";
			};
			name = Release;
		};
/* End XCBuildConfiguration section */

/* Begin XCConfigurationList section */
		AE87226B2C20DBD9005B3B72 /* Build configuration list for PBXProject "Portfolio" */ = {
			isa = XCConfigurationList;
			buildConfigurations = (
				AE8722822C20DBDA005B3B72 /* Debug */,
				AE8722832C20DBDA005B3B72 /* Release */,
			);
			defaultConfigurationIsVisible = 0;
			defaultConfigurationName = Release;
		};
		AE8722842C20DBDA005B3B72 /* Build configuration list for PBXNativeTarget "Portfolio" */ = {
			isa = XCConfigurationList;
			buildConfigurations = (
				AE8722852C20DBDA005B3B72 /* Debug */,
				AE8722862C20DBDA005B3B72 /* Release */,
			);
			defaultConfigurationIsVisible = 0;
			defaultConfigurationName = Release;
		};
/* End XCConfigurationList section */

/* Begin XCRemoteSwiftPackageReference section */
		AE45D69F2C319DEA002A1CB0 /* XCRemoteSwiftPackageReference "Alamofire" */ = {
			isa = XCRemoteSwiftPackageReference;
			repositoryURL = "https://github.com/Alamofire/Alamofire.git";
			requirement = {
				kind = upToNextMajorVersion;
				minimumVersion = 5.9.1;
			};
		};
/* End XCRemoteSwiftPackageReference section */

/* Begin XCSwiftPackageProductDependency section */
		AE45D6A02C319DEA002A1CB0 /* Alamofire */ = {
			isa = XCSwiftPackageProductDependency;
			package = AE45D69F2C319DEA002A1CB0 /* XCRemoteSwiftPackageReference "Alamofire" */;
			productName = Alamofire;
		};
/* End XCSwiftPackageProductDependency section */
	};
	rootObject = AE8722682C20DBD9005B3B72 /* Project object */;
}
